
Microsoft Visual Studio Solution File, Format Version 11.00
# Visual Studio 2010
Project("{FAE04EC0-301F-11D3-BF4B-00C04F79EFBC}") = "Switch Your Color", "Assembly-CSharp.csproj", "{B02CF6B9-7CA4-37CB-8562-700445A441A4}"
EndProject
Global
	GlobalSection(SolutionConfigurationPlatforms) = preSolution
		Debug|Any CPU = Debug|Any CPU
		Release|Any CPU = Release|Any CPU
	EndGlobalSection
	GlobalSection(ProjectConfigurationPlatforms) = postSolution
		{B02CF6B9-7CA4-37CB-8562-700445A441A4}.Debug|Any CPU.ActiveCfg = Debug|Any CPU
		{B02CF6B9-7CA4-37CB-8562-700445A441A4}.Debug|Any CPU.Build.0 = Debug|Any CPU
		{B02CF6B9-7CA4-37CB-8562-700445A441A4}.Release|Any CPU.ActiveCfg = Release|Any CPU
		{B02CF6B9-7CA4-37CB-8562-700445A441A4}.Release|Any CPU.Build.0 = Release|Any CPU
	EndGlobalSection
	GlobalSection(SolutionProperties) = preSolution
		HideSolutionNode = FALSE
	EndGlobalSection
	GlobalSection(MonoDevelopProperties) = preSolution
		StartupItem = Assembly-CSharp.csproj
	EndGlobalSection
EndGlobal
